{
  "lockfileVersion": 1,
  "configVersion": 1,
  "workspaces": {
    "": {
      "name": "react-native-gpui-ts",
      "dependencies": {
        "react": "^19.0.0",
        "react-reconciler": "^0.31.0",
      },
      "devDependencies": {
        "@types/node": "25.9.1",
        "@types/react": "^19.0.0",
        "@types/react-reconciler": "^0.31.0",
        "typescript": "^5.7.0",
      },
    },
  },
  "packages": {
    "@types/node": ["@types/node@25.9.1", "", { "dependencies": { "undici-types": ">=7.24.0 <7.24.7" } }, "sha512-xfrlY7UD5rMJk3ZVJP8BNzS28J36YJg+xp+LPXV1TdWxr8uMH5A860QNxYDGQe/ylDSgjxE52Q9VnO7p75tJxg=="],

    "@types/react": ["@types/react@19.2.15", "", { "dependencies": { "csstype": "^3.2.2" } }, "sha512-eRwcGNHve+E8qtEQSSRl6urh+rFop4v8gm6O8rGv25CodbvFdLjA1vVQ1KkiFE0w0UPOnb8tDiFKL5lp0rtY5Q=="],

    "@types/react-reconciler": ["@types/react-reconciler@0.31.0", "", { "peerDependencies": { "@types/react": "*" } }, "sha512-wa1KtV3SHKnWeLHfZFg/7nrPSe/Ejdn+qbanNX4V6i9I7C3ECKPfBnC1KM3ef58KFWEohLmTvoTH5XuEIKGX2g=="],

    "csstype": ["csstype@3.2.3", "", {}, "sha512-z1HGKcYy2xA8AGQfwrn0PAy+PB7X/GSj3UVJW9qKyn43xWa+gl5nXmU4qqLMRzWVLFC8KusUX8T/0kCiOYpAIQ=="],

    "react": ["react@19.2.6", "", {}, "sha512-sfWGGfavi0xr8Pg0sVsyHMAOziVYKgPLNrS7ig+ivMNb3wbCBw3KxtflsGBAwD3gYQlE/AEZsTLgToRrSCjb0Q=="],

    "react-reconciler": ["react-reconciler@0.31.0", "", { "dependencies": { "scheduler": "^0.25.0" }, "peerDependencies": { "react": "^19.0.0" } }, "sha512-7Ob7Z+URmesIsIVRjnLoDGwBEG/tVitidU0nMsqX/eeJaLY89RISO/10ERe0MqmzuKUUB1rmY+h1itMbUHg9BQ=="],

    "scheduler": ["scheduler@0.25.0", "", {}, "sha512-xFVuu11jh+xcO7JOAGJNOXld8/TcEHK/4CituBUeUb5hqxJLj9YuemAEuvm9gQ/+pgXYfbQuqAkiYu+u7YEsNA=="],

    "typescript": ["typescript@5.9.3", "", { "bin": { "tsc": "bin/tsc", "tsserver": "bin/tsserver" } }, "sha512-jl1vZzPDinLr9eUt3J/t7V6FgNEw9QjvBPdysz9KfQDD41fQrC2Y4vKQdiaUpFT4bXlb1RHhLpp8wtm6M5TgSw=="],

    "undici-types": ["undici-types@7.24.6", "", {}, "sha512-WRNW+sJgj5OBN4/0JpHFqtqzhpbnV0GuB+OozA9gCL7a993SmU+1JBZCzLNxYsbMfIeDL+lTsphD5jN5N+n0zg=="],
  }
}
